// !$*UTF8*$!
{
	archiveVersion = 1;
	classes = {
	};
	objectVersion = 48;
	objects = {

/* Begin PBXBuildFile section */
		054E3C5A210D67FE008ADD88 /* ExtraSortTitleViewStyle.m in Sources */ = {isa = PBXBuildFile; fileRef = 054E3C54210D67FE008ADD88 /* ExtraSortTitleViewStyle.m */; };
		054E3C5B210D67FE008ADD88 /* UIView+ExtraViewExtension.m in Sources */ = {isa = PBXBuildFile; fileRef = 054E3C55210D67FE008ADD88 /* UIView+ExtraViewExtension.m */; };
		054E3C5C210D67FE008ADD88 /* ExtraSortTitleView.m in Sources */ = {isa = PBXBuildFile; fileRef = 054E3C56210D67FE008ADD88 /* ExtraSortTitleView.m */; };
		05A6BD4B210D5AB900ED989F /* AppDelegate.m in Sources */ = {isa = PBXBuildFile; fileRef = 05A6BD4A210D5AB900ED989F /* AppDelegate.m */; };
		05A6BD4E210D5AB900ED989F /* ViewController.m in Sources */ = {isa = PBXBuildFile; fileRef = 05A6BD4D210D5AB900ED989F /* ViewController.m */; };
		05A6BD51210D5AB900ED989F /* Main.storyboard in Resources */ = {isa = PBXBuildFile; fileRef = 05A6BD4F210D5AB900ED989F /* Main.storyboard */; };
		05A6BD53210D5AB900ED989F /* Assets.xcassets in Resources */ = {isa = PBXBuildFile; fileRef = 05A6BD52210D5AB900ED989F /* Assets.xcassets */; };
		05A6BD56210D5AB900ED989F /* LaunchScreen.storyboard in Resources */ = {isa = PBXBuildFile; fileRef = 05A6BD54210D5AB900ED989F /* LaunchScreen.storyboard */; };
		05A6BD59210D5AB900ED989F /* main.m in Sources */ = {isa = PBXBuildFile; fileRef = 05A6BD58210D5AB900ED989F /* main.m */; };
		05A6BD63210D5AB900ED989F /* ExtraSortTitleViewDemoTests.m in Sources */ = {isa = PBXBuildFile; fileRef = 05A6BD62210D5AB900ED989F /* ExtraSortTitleViewDemoTests.m */; };
		05A6BD6E210D5AB900ED989F /* ExtraSortTitleViewDemoUITests.m in Sources */ = {isa = PBXBuildFile; fileRef = 05A6BD6D210D5AB900ED989F /* ExtraSortTitleViewDemoUITests.m */; };
/* End PBXBuildFile section */

/* Begin PBXContainerItemProxy section */
		05A6BD5F210D5AB900ED989F /* PBXContainerItemProxy */ = {
			isa = PBXContainerItemProxy;
			containerPortal = 05A6BD3E210D5AB800ED989F /* Project object */;
			proxyType = 1;
			remoteGlobalIDString = 05A6BD45210D5AB900ED989F;
			remoteInfo = ExtraSortTitleViewDemo;
		};
		05A6BD6A210D5AB900ED989F /* PBXContainerItemProxy */ = {
			isa = PBXContainerItemProxy;
			containerPortal = 05A6BD3E210D5AB800ED989F /* Project object */;
			proxyType = 1;
			remoteGlobalIDString = 05A6BD45210D5AB900ED989F;
			remoteInfo = ExtraSortTitleViewDemo;
		};
/* End PBXContainerItemProxy section */

/* Begin PBXFileReference section */
		054E3C54210D67FE008ADD88 /* ExtraSortTitleViewStyle.m */ = {isa = PBXFileReference; fileEncoding = 4; lastKnownFileType = sourcecode.c.objc; path = ExtraSortTitleViewStyle.m; sourceTree = "<group>"; };
		054E3C55210D67FE008ADD88 /* UIView+ExtraViewExtension.m */ = {isa = PBXFileReference; fileEncoding = 4; lastKnownFileType = sourcecode.c.objc; path = "UIView+ExtraViewExtension.m"; sourceTree = "<group>"; };
		054E3C56210D67FE008ADD88 /* ExtraSortTitleView.m */ = {isa = PBXFileReference; fileEncoding = 4; lastKnownFileType = sourcecode.c.objc; path = ExtraSortTitleView.m; sourceTree = "<group>"; };
		054E3C57210D67FE008ADD88 /* ExtraSortTitleViewStyle.h */ = {isa = PBXFileReference; fileEncoding = 4; lastKnownFileType = sourcecode.c.h; path = ExtraSortTitleViewStyle.h; sourceTree = "<group>"; };
		054E3C58210D67FE008ADD88 /* UIView+ExtraViewExtension.h */ = {isa = PBXFileReference; fileEncoding = 4; lastKnownFileType = sourcecode.c.h; path = "UIView+ExtraViewExtension.h"; sourceTree = "<group>"; };
		054E3C59210D67FE008ADD88 /* ExtraSortTitleView.h */ = {isa = PBXFileReference; fileEncoding = 4; lastKnownFileType = sourcecode.c.h; path = ExtraSortTitleView.h; sourceTree = "<group>"; };
		05A6BD46210D5AB900ED989F /* ExtraSortTitleViewDemo.app */ = {isa = PBXFileReference; explicitFileType = wrapper.application; includeInIndex = 0; path = ExtraSortTitleViewDemo.app; sourceTree = BUILT_PRODUCTS_DIR; };
		05A6BD49210D5AB900ED989F /* AppDelegate.h */ = {isa = PBXFileReference; lastKnownFileType = sourcecode.c.h; path = AppDelegate.h; sourceTree = "<group>"; };
		05A6BD4A210D5AB900ED989F /* AppDelegate.m */ = {isa = PBXFileReference; lastKnownFileType = sourcecode.c.objc; path = AppDelegate.m; sourceTree = "<group>"; };
		05A6BD4C210D5AB900ED989F /* ViewController.h */ = {isa = PBXFileReference; lastKnownFileType = sourcecode.c.h; path = ViewController.h; sourceTree = "<group>"; };
		05A6BD4D210D5AB900ED989F /* ViewController.m */ = {isa = PBXFileReference; lastKnownFileType = sourcecode.c.objc; path = ViewController.m; sourceTree = "<group>"; };
		05A6BD50210D5AB900ED989F /* Base */ = {isa = PBXFileReference; lastKnownFileType = file.storyboard; name = Base; path = Base.lproj/Main.storyboard; sourceTree = "<group>"; };
		05A6BD52210D5AB900ED989F /* Assets.xcassets */ = {isa = PBXFileReference; lastKnownFileType = folder.assetcatalog; path = Assets.xcassets; sourceTree = "<group>"; };
		05A6BD55210D5AB900ED989F /* Base */ = {isa = PBXFileReference; lastKnownFileType = file.storyboard; name = Base; path = Base.lproj/LaunchScreen.storyboard; sourceTree = "<group>"; };
		05A6BD57210D5AB900ED989F /* Info.plist */ = {isa = PBXFileReference; lastKnownFileType = text.plist.xml; path = Info.plist; sourceTree = "<group>"; };
		05A6BD58210D5AB900ED989F /* main.m */ = {isa = PBXFileReference; lastKnownFileType = sourcecode.c.objc; path = main.m; sourceTree = "<group>"; };
		05A6BD5E210D5AB900ED989F /* ExtraSortTitleViewDemoTests.xctest */ = {isa = PBXFileReference; explicitFileType = wrapper.cfbundle; includeInIndex = 0; path = ExtraSortTitleViewDemoTests.xctest; sourceTree = BUILT_PRODUCTS_DIR; };
		05A6BD62210D5AB900ED989F /* ExtraSortTitleViewDemoTests.m */ = {isa = PBXFileReference; lastKnownFileType = sourcecode.c.objc; path = ExtraSortTitleViewDemoTests.m; sourceTree = "<group>"; };
		05A6BD64210D5AB900ED989F /* Info.plist */ = {isa = PBXFileReference; lastKnownFileType = text.plist.xml; path = Info.plist; sourceTree = "<group>"; };
		05A6BD69210D5AB900ED989F /* ExtraSortTitleViewDemoUITests.xctest */ = {isa = PBXFileReference; explicitFileType = wrapper.cfbundle; includeInIndex = 0; path = ExtraSortTitleViewDemoUITests.xctest; sourceTree = BUILT_PRODUCTS_DIR; };
		05A6BD6D210D5AB900ED989F /* ExtraSortTitleViewDemoUITests.m */ = {isa = PBXFileReference; lastKnownFileType = sourcecode.c.objc; path = ExtraSortTitleViewDemoUITests.m; sourceTree = "<group>"; };
		05A6BD6F210D5AB900ED989F /* Info.plist */ = {isa = PBXFileReference; lastKnownFileType = text.plist.xml; path = Info.plist; sourceTree = "<group>"; };
/* End PBXFileReference section */

/* Begin PBXFrameworksBuildPhase section */
		05A6BD43210D5AB900ED989F /* Frameworks */ = {
			isa = PBXFrameworksBuildPhase;
			buildActionMask = 2147483647;
			files = (
			);
			runOnlyForDeploymentPostprocessing = 0;
		};
		05A6BD5B210D5AB900ED989F /* Frameworks */ = {
			isa = PBXFrameworksBuildPhase;
			buildActionMask = 2147483647;
			files = (
			);
			runOnlyForDeploymentPostprocessing = 0;
		};
		05A6BD66210D5AB900ED989F /* Frameworks */ = {
			isa = PBXFrameworksBuildPhase;
			buildActionMask = 2147483647;
			files = (
			);
			runOnlyForDeploymentPostprocessing = 0;
		};
/* End PBXFrameworksBuildPhase section */

/* Begin PBXGroup section */
		054E3C53210D67FE008ADD88 /* ExtraSortTitleView */ = {
			isa = PBXGroup;
			children = (
				054E3C54210D67FE008ADD88 /* ExtraSortTitleViewStyle.m */,
				054E3C55210D67FE008ADD88 /* UIView+ExtraViewExtension.m */,
				054E3C56210D67FE008ADD88 /* ExtraSortTitleView.m */,
				054E3C57210D67FE008ADD88 /* ExtraSortTitleViewStyle.h */,
				054E3C58210D67FE008ADD88 /* UIView+ExtraViewExtension.h */,
				054E3C59210D67FE008ADD88 /* ExtraSortTitleView.h */,
			);
			name = ExtraSortTitleView;
			path = ../../ExtraSortTitleView;
			sourceTree = "<group>";
		};
		05A6BD3D210D5AB800ED989F = {
			isa = PBXGroup;
			children = (
				05A6BD48210D5AB900ED989F /* ExtraSortTitleViewDemo */,
				05A6BD61210D5AB900ED989F /* ExtraSortTitleViewDemoTests */,
				05A6BD6C210D5AB900ED989F /* ExtraSortTitleViewDemoUITests */,
				05A6BD47210D5AB900ED989F /* Products */,
			);
			sourceTree = "<group>";
		};
		05A6BD47210D5AB900ED989F /* Products */ = {
			isa = PBXGroup;
			children = (
				05A6BD46210D5AB900ED989F /* ExtraSortTitleViewDemo.app */,
				05A6BD5E210D5AB900ED989F /* ExtraSortTitleViewDemoTests.xctest */,
				05A6BD69210D5AB900ED989F /* ExtraSortTitleViewDemoUITests.xctest */,
			);
			name = Products;
			sourceTree = "<group>";
		};
		05A6BD48210D5AB900ED989F /* ExtraSortTitleViewDemo */ = {
			isa = PBXGroup;
			children = (
				054E3C53210D67FE008ADD88 /* ExtraSortTitleView */,
				05A6BD49210D5AB900ED989F /* AppDelegate.h */,
				05A6BD4A210D5AB900ED989F /* AppDelegate.m */,
				05A6BD4C210D5AB900ED989F /* ViewController.h */,
				05A6BD4D210D5AB900ED989F /* ViewController.m */,
				05A6BD4F210D5AB900ED989F /* Main.storyboard */,
				05A6BD52210D5AB900ED989F /* Assets.xcassets */,
				05A6BD54210D5AB900ED989F /* LaunchScreen.storyboard */,
				05A6BD57210D5AB900ED989F /* Info.plist */,
				05A6BD58210D5AB900ED989F /* main.m */,
			);
			path = ExtraSortTitleViewDemo;
			sourceTree = "<group>";
		};
		05A6BD61210D5AB900ED989F /* ExtraSortTitleViewDemoTests */ = {
			isa = PBXGroup;
			children = (
				05A6BD62210D5AB900ED989F /* ExtraSortTitleViewDemoTests.m */,
				05A6BD64210D5AB900ED989F /* Info.plist */,
			);
			path = ExtraSortTitleViewDemoTests;
			sourceTree = "<group>";
		};
		05A6BD6C210D5AB900ED989F /* ExtraSortTitleViewDemoUITests */ = {
			isa = PBXGroup;
			children = (
				05A6BD6D210D5AB900ED989F /* ExtraSortTitleViewDemoUITests.m */,
				05A6BD6F210D5AB900ED989F /* Info.plist */,
			);
			path = ExtraSortTitleViewDemoUITests;
			sourceTree = "<group>";
		};
/* End PBXGroup section */

/* Begin PBXNativeTarget section */
		05A6BD45210D5AB900ED989F /* ExtraSortTitleViewDemo */ = {
			isa = PBXNativeTarget;
			buildConfigurationList = 05A6BD72210D5AB900ED989F /* Build configuration list for PBXNativeTarget "ExtraSortTitleViewDemo" */;
			buildPhases = (
				05A6BD42210D5AB900ED989F /* Sources */,
				05A6BD43210D5AB900ED989F /* Frameworks */,
				05A6BD44210D5AB900ED989F /* Resources */,
			);
			buildRules = (
			);
			dependencies = (
			);
			name = ExtraSortTitleViewDemo;
			productName = ExtraSortTitleViewDemo;
			productReference = 05A6BD46210D5AB900ED989F /* ExtraSortTitleViewDemo.app */;
			productType = "com.apple.product-type.application";
		};
		05A6BD5D210D5AB900ED989F /* ExtraSortTitleViewDemoTests */ = {
			isa = PBXNativeTarget;
			buildConfigurationList = 05A6BD75210D5AB900ED989F /* Build configuration list for PBXNativeTarget "ExtraSortTitleViewDemoTests" */;
			buildPhases = (
				05A6BD5A210D5AB900ED989F /* Sources */,
				05A6BD5B210D5AB900ED989F /* Frameworks */,
				05A6BD5C210D5AB900ED989F /* Resources */,
			);
			buildRules = (
			);
			dependencies = (
				05A6BD60210D5AB900ED989F /* PBXTargetDependency */,
			);
			name = ExtraSortTitleViewDemoTests;
			productName = ExtraSortTitleViewDemoTests;
			productReference = 05A6BD5E210D5AB900ED989F /* ExtraSortTitleViewDemoTests.xctest */;
			productType = "com.apple.product-type.bundle.unit-test";
		};
		05A6BD68210D5AB900ED989F /* ExtraSortTitleViewDemoUITests */ = {
			isa = PBXNativeTarget;
			buildConfigurationList = 05A6BD78210D5AB900ED989F /* Build configuration list for PBXNativeTarget "ExtraSortTitleViewDemoUITests" */;
			buildPhases = (
				05A6BD65210D5AB900ED989F /* Sources */,
				05A6BD66210D5AB900ED989F /* Frameworks */,
				05A6BD67210D5AB900ED989F /* Resources */,
			);
			buildRules = (
			);
			dependencies = (
				05A6BD6B210D5AB900ED989F /* PBXTargetDependency */,
			);
			name = ExtraSortTitleViewDemoUITests;
			productName = ExtraSortTitleViewDemoUITests;
			productReference = 05A6BD69210D5AB900ED989F /* ExtraSortTitleViewDemoUITests.xctest */;
			productType = "com.apple.product-type.bundle.ui-testing";
		};
/* End PBXNativeTarget section */

/* Begin PBXProject section */
		05A6BD3E210D5AB800ED989F /* Project object */ = {
			isa = PBXProject;
			attributes = {
				LastUpgradeCheck = 0920;
				ORGANIZATIONNAME = "叶达逸";
				TargetAttributes = {
					05A6BD45210D5AB900ED989F = {
						CreatedOnToolsVersion = 9.2;
						ProvisioningStyle = Automatic;
					};
					05A6BD5D210D5AB900ED989F = {
						CreatedOnToolsVersion = 9.2;
						ProvisioningStyle = Automatic;
						TestTargetID = 05A6BD45210D5AB900ED989F;
					};
					05A6BD68210D5AB900ED989F = {
						CreatedOnToolsVersion = 9.2;
						ProvisioningStyle = Automatic;
						TestTargetID = 05A6BD45210D5AB900ED989F;
					};
				};
			};
			buildConfigurationList = 05A6BD41210D5AB800ED989F /* Build configuration list for PBXProject "ExtraSortTitleViewDemo" */;
			compatibilityVersion = "Xcode 8.0";
			developmentRegion = en;
			hasScannedForEncodings = 0;
			knownRegions = (
				en,
				Base,
			);
			mainGroup = 05A6BD3D210D5AB800ED989F;
			productRefGroup = 05A6BD47210D5AB900ED989F /* Products */;
			projectDirPath = "";
			projectRoot = "";
			targets = (
				05A6BD45210D5AB900ED989F /* ExtraSortTitleViewDemo */,
				05A6BD5D210D5AB900ED989F /* ExtraSortTitleViewDemoTests */,
				05A6BD68210D5AB900ED989F /* ExtraSortTitleViewDemoUITests */,
			);
		};
/* End PBXProject section */

/* Begin PBXResourcesBuildPhase section */
		05A6BD44210D5AB900ED989F /* Resources */ = {
			isa = PBXResourcesBuildPhase;
			buildActionMask = 2147483647;
			files = (
				05A6BD56210D5AB900ED989F /* LaunchScreen.storyboard in Resources */,
				05A6BD53210D5AB900ED989F /* Assets.xcassets in Resources */,
				05A6BD51210D5AB900ED989F /* Main.storyboard in Resources */,
			);
			runOnlyForDeploymentPostprocessing = 0;
		};
		05A6BD5C210D5AB900ED989F /* Resources */ = {
			isa = PBXResourcesBuildPhase;
			buildActionMask = 2147483647;
			files = (
			);
			runOnlyForDeploymentPostprocessing = 0;
		};
		05A6BD67210D5AB900ED989F /* Resources */ = {
			isa = PBXResourcesBuildPhase;
			buildActionMask = 2147483647;
			files = (
			);
			runOnlyForDeploymentPostprocessing = 0;
		};
/* End PBXResourcesBuildPhase section */

/* Begin PBXSourcesBuildPhase section */
		05A6BD42210D5AB900ED989F /* Sources */ = {
			isa = PBXSourcesBuildPhase;
			buildActionMask = 2147483647;
			files = (
				054E3C5C210D67FE008ADD88 /* ExtraSortTitleView.m in Sources */,
				05A6BD4E210D5AB900ED989F /* ViewController.m in Sources */,
				05A6BD59210D5AB900ED989F /* main.m in Sources */,
				054E3C5A210D67FE008ADD88 /* ExtraSortTitleViewStyle.m in Sources */,
				05A6BD4B210D5AB900ED989F /* AppDelegate.m in Sources */,
				054E3C5B210D67FE008ADD88 /* UIView+ExtraViewExtension.m in Sources */,
			);
			runOnlyForDeploymentPostprocessing = 0;
		};
		05A6BD5A210D5AB900ED989F /* Sources */ = {
			isa = PBXSourcesBuildPhase;
			buildActionMask = 2147483647;
			files = (
				05A6BD63210D5AB900ED989F /* ExtraSortTitleViewDemoTests.m in Sources */,
			);
			runOnlyForDeploymentPostprocessing = 0;
		};
		05A6BD65210D5AB900ED989F /* Sources */ = {
			isa = PBXSourcesBuildPhase;
			buildActionMask = 2147483647;
			files = (
				05A6BD6E210D5AB900ED989F /* ExtraSortTitleViewDemoUITests.m in Sources */,
			);
			runOnlyForDeploymentPostprocessing = 0;
		};
/* End PBXSourcesBuildPhase section */

/* Begin PBXTargetDependency section */
		05A6BD60210D5AB900ED989F /* PBXTargetDependency */ = {
			isa = PBXTargetDependency;
			target = 05A6BD45210D5AB900ED989F /* ExtraSortTitleViewDemo */;
			targetProxy = 05A6BD5F210D5AB900ED989F /* PBXContainerItemProxy */;
		};
		05A6BD6B210D5AB900ED989F /* PBXTargetDependency */ = {
			isa = PBXTargetDependency;
			target = 05A6BD45210D5AB900ED989F /* ExtraSortTitleViewDemo */;
			targetProxy = 05A6BD6A210D5AB900ED989F /* PBXContainerItemProxy */;
		};
/* End PBXTargetDependency section */

/* Begin PBXVariantGroup section */
		05A6BD4F210D5AB900ED989F /* Main.storyboard */ = {
			isa = PBXVariantGroup;
			children = (
				05A6BD50210D5AB900ED989F /* Base */,
			);
			name = Main.storyboard;
			sourceTree = "<group>";
		};
		05A6BD54210D5AB900ED989F /* LaunchScreen.storyboard */ = {
			isa = PBXVariantGroup;
			children = (
				05A6BD55210D5AB900ED989F /* Base */,
			);
			name = LaunchScreen.storyboard;
			sourceTree = "<group>";
		};
/* End PBXVariantGroup section */

/* Begin XCBuildConfiguration section */
		05A6BD70210D5AB900ED989F /* Debug */ = {
			isa = XCBuildConfiguration;
			buildSettings = {
				ALWAYS_SEARCH_USER_PATHS = NO;
				CLANG_ANALYZER_NONNULL = YES;
				CLANG_ANALYZER_NUMBER_OBJECT_CONVERSION = YES_AGGRESSIVE;
				CLANG_CXX_LANGUAGE_STANDARD = "gnu++14";
				CLANG_CXX_LIBRARY = "libc++";
				CLANG_ENABLE_MODULES = YES;
				CLANG_ENABLE_OBJC_ARC = YES;
				CLANG_WARN_BLOCK_CAPTURE_AUTORELEASING = YES;
				CLANG_WARN_BOOL_CONVERSION = YES;
				CLANG_WARN_COMMA = YES;
				CLANG_WARN_CONSTANT_CONVERSION = YES;
				CLANG_WARN_DIRECT_OBJC_ISA_USAGE = YES_ERROR;
				CLANG_WARN_DOCUMENTATION_COMMENTS = YES;
				CLANG_WARN_EMPTY_BODY = YES;
				CLANG_WARN_ENUM_CONVERSION = YES;
				CLANG_WARN_INFINITE_RECURSION = YES;
				CLANG_WARN_INT_CONVERSION = YES;
				CLANG_WARN_NON_LITERAL_NULL_CONVERSION = YES;
				CLANG_WARN_OBJC_LITERAL_CONVERSION = YES;
				CLANG_WARN_OBJC_ROOT_CLASS = YES_ERROR;
				CLANG_WARN_RANGE_LOOP_ANALYSIS = YES;
				CLANG_WARN_STRICT_PROTOTYPES = YES;
				CLANG_WARN_SUSPICIOUS_MOVE = YES;
				CLANG_WARN_UNGUARDED_AVAILABILITY = YES_AGGRESSIVE;
				CLANG_WARN_UNREACHABLE_CODE = YES;
				CLANG_WARN__DUPLICATE_METHOD_MATCH = YES;
				CODE_SIGN_IDENTITY = "iPhone Developer";
				COPY_PHASE_STRIP = NO;
				DEBUG_INFORMATION_FORMAT = dwarf;
				ENABLE_STRICT_OBJC_MSGSEND = YES;
				ENABLE_TESTABILITY = YES;
				GCC_C_LANGUAGE_STANDARD = gnu11;
				GCC_DYNAMIC_NO_PIC = NO;
				GCC_NO_COMMON_BLOCKS = YES;
				GCC_OPTIMIZATION_LEVEL = 0;
				GCC_PREPROCESSOR_DEFINITIONS = (
					"DEBUG=1",
					"$(inherited)",
				);
				GCC_WARN_64_TO_32_BIT_CONVERSION = YES;
				GCC_WARN_ABOUT_RETURN_TYPE = YES_ERROR;
				GCC_WARN_UNDECLARED_SELECTOR = YES;
				GCC_WARN_UNINITIALIZED_AUTOS = YES_AGGRESSIVE;
				GCC_WARN_UNUSED_FUNCTION = YES;
				GCC_WARN_UNUSED_VARIABLE = YES;
				IPHONEOS_DEPLOYMENT_TARGET = 11.2;
				MTL_ENABLE_DEBUG_INFO = YES;
				ONLY_ACTIVE_ARCH = YES;
				SDKROOT = iphoneos;
			};
			name = Debug;
		};
		05A6BD71210D5AB900ED989F /* Release */ = {
			isa = XCBuildConfiguration;
			buildSettings = {
				ALWAYS_SEARCH_USER_PATHS = NO;
				CLANG_ANALYZER_NONNULL = YES;
				CLANG_ANALYZER_NUMBER_OBJECT_CONVERSION = YES_AGGRESSIVE;
				CLANG_CXX_LANGUAGE_STANDARD = "gnu++14";
				CLANG_CXX_LIBRARY = "libc++";
				CLANG_ENABLE_MODULES = YES;
				CLANG_ENABLE_OBJC_ARC = YES;
				CLANG_WARN_BLOCK_CAPTURE_AUTORELEASING = YES;
				CLANG_WARN_BOOL_CONVERSION = YES;
				CLANG_WARN_COMMA = YES;
				CLANG_WARN_CONSTANT_CONVERSION = YES;
				CLANG_WARN_DIRECT_OBJC_ISA_USAGE = YES_ERROR;
				CLANG_WARN_DOCUMENTATION_COMMENTS = YES;
				CLANG_WARN_EMPTY_BODY = YES;
				CLANG_WARN_ENUM_CONVERSION = YES;
				CLANG_WARN_INFINITE_RECURSION = YES;
				CLANG_WARN_INT_CONVERSION = YES;
				CLANG_WARN_NON_LITERAL_NULL_CONVERSION = YES;
				CLANG_WARN_OBJC_LITERAL_CONVERSION = YES;
				CLANG_WARN_OBJC_ROOT_CLASS = YES_ERROR;
				CLANG_WARN_RANGE_LOOP_ANALYSIS = YES;
				CLANG_WARN_STRICT_PROTOTYPES = YES;
				CLANG_WARN_SUSPICIOUS_MOVE = YES;
				CLANG_WARN_UNGUARDED_AVAILABILITY = YES_AGGRESSIVE;
				CLANG_WARN_UNREACHABLE_CODE = YES;
				CLANG_WARN__DUPLICATE_METHOD_MATCH = YES;
				CODE_SIGN_IDENTITY = "iPhone Developer";
				COPY_PHASE_STRIP = NO;
				DEBUG_INFORMATION_FORMAT = "dwarf-with-dsym";
				ENABLE_NS_ASSERTIONS = NO;
				ENABLE_STRICT_OBJC_MSGSEND = YES;
				GCC_C_LANGUAGE_STANDARD = gnu11;
				GCC_NO_COMMON_BLOCKS = YES;
				GCC_WARN_64_TO_32_BIT_CONVERSION = YES;
				GCC_WARN_ABOUT_RETURN_TYPE = YES_ERROR;
				GCC_WARN_UNDECLARED_SELECTOR = YES;
				GCC_WARN_UNINITIALIZED_AUTOS = YES_AGGRESSIVE;
				GCC_WARN_UNUSED_FUNCTION = YES;
				GCC_WARN_UNUSED_VARIABLE = YES;
				IPHONEOS_DEPLOYMENT_TARGET = 11.2;
				MTL_ENABLE_DEBUG_INFO = NO;
				SDKROOT = iphoneos;
				VALIDATE_PRODUCT = YES;
			};
			name = Release;
		};
		05A6BD73210D5AB900ED989F /* Debug */ = {
			isa = XCBuildConfiguration;
			buildSettings = {
				ASSETCATALOG_COMPILER_APPICON_NAME = AppIcon;
				CODE_SIGN_STYLE = Automatic;
				DEVELOPMENT_TEAM = 2VFQC4WLP4;
				INFOPLIST_FILE = ExtraSortTitleViewDemo/Info.plist;
				LD_RUNPATH_SEARCH_PATHS = "$(inherited) @executable_path/Frameworks";
				PRODUCT_BUNDLE_IDENTIFIER = com.yedayi.ExtraSortTitleViewDemo;
				PRODUCT_NAME = "$(TARGET_NAME)";
				TARGETED_DEVICE_FAMILY = "1,2";
			};
			name = Debug;
		};
		05A6BD74210D5AB900ED989F /* Release */ = {
			isa = XCBuildConfiguration;
			buildSettings = {
				ASSETCATALOG_COMPILER_APPICON_NAME = AppIcon;
				CODE_SIGN_STYLE = Automatic;
				DEVELOPMENT_TEAM = 2VFQC4WLP4;
				INFOPLIST_FILE = ExtraSortTitleViewDemo/Info.plist;
				LD_RUNPATH_SEARCH_PATHS = "$(inherited) @executable_path/Frameworks";
				PRODUCT_BUNDLE_IDENTIFIER = com.yedayi.ExtraSortTitleViewDemo;
				PRODUCT_NAME = "$(TARGET_NAME)";
				TARGETED_DEVICE_FAMILY = "1,2";
			};
			name = Release;
		};
		05A6BD76210D5AB900ED989F /* Debug */ = {
			isa = XCBuildConfiguration;
			buildSettings = {
				BUNDLE_LOADER = "$(TEST_HOST)";
				CODE_SIGN_STYLE = Automatic;
				INFOPLIST_FILE = ExtraSortTitleViewDemoTests/Info.plist;
				LD_RUNPATH_SEARCH_PATHS = "$(inherited) @executable_path/Frameworks @loader_path/Frameworks";
				PRODUCT_BUNDLE_IDENTIFIER = com.yedayi.ExtraSortTitleViewDemoTests;
				PRODUCT_NAME = "$(TARGET_NAME)";
				TARGETED_DEVICE_FAMILY = "1,2";
				TEST_HOST = "$(BUILT_PRODUCTS_DIR)/ExtraSortTitleViewDemo.app/ExtraSortTitleViewDemo";
			};
			name = Debug;
		};
		05A6BD77210D5AB900ED989F /* Release */ = {
			isa = XCBuildConfiguration;
			buildSettings = {
				BUNDLE_LOADER = "$(TEST_HOST)";
				CODE_SIGN_STYLE = Automatic;
				INFOPLIST_FILE = ExtraSortTitleViewDemoTests/Info.plist;
				LD_RUNPATH_SEARCH_PATHS = "$(inherited) @executable_path/Frameworks @loader_path/Frameworks";
				PRODUCT_BUNDLE_IDENTIFIER = com.yedayi.ExtraSortTitleViewDemoTests;
				PRODUCT_NAME = "$(TARGET_NAME)";
				TARGETED_DEVICE_FAMILY = "1,2";
				TEST_HOST = "$(BUILT_PRODUCTS_DIR)/ExtraSortTitleViewDemo.app/ExtraSortTitleViewDemo";
			};
			name = Release;
		};
		05A6BD79210D5AB900ED989F /* Debug */ = {
			isa = XCBuildConfiguration;
			buildSettings = {
				CODE_SIGN_STYLE = Automatic;
				INFOPLIST_FILE = ExtraSortTitleViewDemoUITests/Info.plist;
				LD_RUNPATH_SEARCH_PATHS = "$(inherited) @executable_path/Frameworks @loader_path/Frameworks";
				PRODUCT_BUNDLE_IDENTIFIER = com.yedayi.ExtraSortTitleViewDemoUITests;
				PRODUCT_NAME = "$(TARGET_NAME)";
				TARGETED_DEVICE_FAMILY = "1,2";
				TEST_TARGET_NAME = ExtraSortTitleViewDemo;
			};
			name = Debug;
		};
		05A6BD7A210D5AB900ED989F /* Release */ = {
			isa = XCBuildConfiguration;
			buildSettings = {
				CODE_SIGN_STYLE = Automatic;
				INFOPLIST_FILE = ExtraSortTitleViewDemoUITests/Info.plist;
				LD_RUNPATH_SEARCH_PATHS = "$(inherited) @executable_path/Frameworks @loader_path/Frameworks";
				PRODUCT_BUNDLE_IDENTIFIER = com.yedayi.ExtraSortTitleViewDemoUITests;
				PRODUCT_NAME = "$(TARGET_NAME)";
				TARGETED_DEVICE_FAMILY = "1,2";
				TEST_TARGET_NAME = ExtraSortTitleViewDemo;
			};
			name = Release;
		};
/* End XCBuildConfiguration section */

/* Begin XCConfigurationList section */
		05A6BD41210D5AB800ED989F /* Build configuration list for PBXProject "ExtraSortTitleViewDemo" */ = {
			isa = XCConfigurationList;
			buildConfigurations = (
				05A6BD70210D5AB900ED989F /* Debug */,
				05A6BD71210D5AB900ED989F /* Release */,
			);
			defaultConfigurationIsVisible = 0;
			defaultConfigurationName = Release;
		};
		05A6BD72210D5AB900ED989F /* Build configuration list for PBXNativeTarget "ExtraSortTitleViewDemo" */ = {
			isa = XCConfigurationList;
			buildConfigurations = (
				05A6BD73210D5AB900ED989F /* Debug */,
				05A6BD74210D5AB900ED989F /* Release */,
			);
			defaultConfigurationIsVisible = 0;
			defaultConfigurationName = Release;
		};
		05A6BD75210D5AB900ED989F /* Build configuration list for PBXNativeTarget "ExtraSortTitleViewDemoTests" */ = {
			isa = XCConfigurationList;
			buildConfigurations = (
				05A6BD76210D5AB900ED989F /* Debug */,
				05A6BD77210D5AB900ED989F /* Release */,
			);
			defaultConfigurationIsVisible = 0;
			defaultConfigurationName = Release;
		};
		05A6BD78210D5AB900ED989F /* Build configuration list for PBXNativeTarget "ExtraSortTitleViewDemoUITests" */ = {
			isa = XCConfigurationList;
			buildConfigurations = (
				05A6BD79210D5AB900ED989F /* Debug */,
				05A6BD7A210D5AB900ED989F /* Release */,
			);
			defaultConfigurationIsVisible = 0;
			defaultConfigurationName = Release;
		};
/* End XCConfigurationList section */
	};
	rootObject = 05A6BD3E210D5AB800ED989F /* Project object */;
}
